
Microsoft Visual Studio Solution File, Format Version 12.00
# Visual Studio Version 17
VisualStudioVersion = 17.6.33829.357
MinimumVisualStudioVersion = 10.0.40219.1
Project("{FAE04EC0-301F-11D3-BF4B-00C04F79EFBC}") = "TechShop", "TechShop\TechShop.csproj", "{320C5CC5-97A0-4116-B89D-5B63DF97FEEC}"
EndProject
Project("{FAE04EC0-301F-11D3-BF4B-00C04F79EFBC}") = "Admin", "..\Admin\Admin.csproj", "{6F07913E-3FA4-4533-B759-71F50CF2484E}"
EndProject
Project("{FAE04EC0-301F-11D3-BF4B-00C04F79EFBC}") = "Infrastructure", "..\Infrastructure\Infrastructure.csproj", "{F815643A-C830-46F0-A3CC-CF571BD56596}"
EndProject
Global
	GlobalSection(SolutionConfigurationPlatforms) = preSolution
		Debug|Any CPU = Debug|Any CPU
		Release|Any CPU = Release|Any CPU
	EndGlobalSection
	GlobalSection(ProjectConfigurationPlatforms) = postSolution
		{320C5CC5-97A0-4116-B89D-5B63DF97FEEC}.Debug|Any CPU.ActiveCfg = Debug|Any CPU
		{320C5CC5-97A0-4116-B89D-5B63DF97FEEC}.Debug|Any CPU.Build.0 = Debug|Any CPU
		{320C5CC5-97A0-4116-B89D-5B63DF97FEEC}.Release|Any CPU.ActiveCfg = Release|Any CPU
		{320C5CC5-97A0-4116-B89D-5B63DF97FEEC}.Release|Any CPU.Build.0 = Release|Any CPU
		{6F07913E-3FA4-4533-B759-71F50CF2484E}.Debug|Any CPU.ActiveCfg = Debug|Any CPU
		{6F07913E-3FA4-4533-B759-71F50CF2484E}.Debug|Any CPU.Build.0 = Debug|Any CPU
		{6F07913E-3FA4-4533-B759-71F50CF2484E}.Release|Any CPU.ActiveCfg = Release|Any CPU
		{6F07913E-3FA4-4533-B759-71F50CF2484E}.Release|Any CPU.Build.0 = Release|Any CPU
		{F815643A-C830-46F0-A3CC-CF571BD56596}.Debug|Any CPU.ActiveCfg = Debug|Any CPU
		{F815643A-C830-46F0-A3CC-CF571BD56596}.Debug|Any CPU.Build.0 = Debug|Any CPU
		{F815643A-C830-46F0-A3CC-CF571BD56596}.Release|Any CPU.ActiveCfg = Release|Any CPU
		{F815643A-C830-46F0-A3CC-CF571BD56596}.Release|Any CPU.Build.0 = Release|Any CPU
	EndGlobalSection
	GlobalSection(SolutionProperties) = preSolution
		HideSolutionNode = FALSE
	EndGlobalSection
	GlobalSection(ExtensibilityGlobals) = postSolution
		SolutionGuid = {5FE586DB-E438-4882-BC21-011F7C839C44}
	EndGlobalSection
EndGlobal
